{
  "object": {
    "pins": [
      {
        "package": "Bits",
        "repositoryURL": "https://github.com/vapor/bits.git",
        "state": {
          "branch": null,
          "revision": "c32f5e6ae2007dccd21a92b7e33eba842dd80d2f",
          "version": "1.1.0"
        }
      },
      {
        "package": "CTLS",
        "repositoryURL": "https://github.com/vapor/ctls.git",
        "state": {
          "branch": null,
          "revision": "20cecfae4abeea245cb4f8cc739c160fcca046b8",
          "version": "1.0.0"
        }
      },
      {
        "package": "Core",
        "repositoryURL": "https://github.com/vapor/core.git",
        "state": {
          "branch": null,
          "revision": "1b593cd335b465b92cc530b5125f4712cc2827cc",
          "version": "2.1.1"
        }
      },
      {
        "package": "Crypto",
        "repositoryURL": "https://github.com/vapor/crypto.git",
        "state": {
          "branch": null,
          "revision": "e999fa960b63746e4d0a040eade7f2620e0de0af",
          "version": "2.0.0"
        }
      },
      {
        "package": "Debugging",
        "repositoryURL": "https://github.com/vapor/debugging.git",
        "state": {
          "branch": null,
          "revision": "49c5e8f0a7cb5456a8f7c72c6cd9f1553e5885a8",
          "version": "1.1.0"
        }
      },
      {
        "package": "JSON",
        "repositoryURL": "https://github.com/vapor/json.git",
        "state": {
          "branch": null,
          "revision": "78ed34f9f706af390b8c8f50f00191bafe5ce76f",
          "version": "2.0.2"
        }
      },
      {
        "package": "JWT",
        "repositoryURL": "https://github.com/vapor/jwt.git",
        "state": {
          "branch": null,
          "revision": "c4ca5136955cd197bb0837091b5a111736b1ba5b",
          "version": "2.2.1"
        }
      },
      {
        "package": "Node",
        "repositoryURL": "https://github.com/vapor/node.git",
        "state": {
          "branch": null,
          "revision": "2d34e0034d8794ca378fddf7d30b7a227dd8d49e",
          "version": "2.0.4"
        }
      },
      {
        "package": "Random",
        "repositoryURL": "https://github.com/vapor/random.git",
        "state": {
          "branch": null,
          "revision": "d7c4397d125caba795d14d956efacfe2a27a63d0",
          "version": "1.2.0"
        }
      }
    ]
  },
  "version": 1
}
